
Microsoft Visual Studio Solution File, Format Version 12.00
# Visual Studio Version 17
VisualStudioVersion = 17.12.35707.178 d17.12
MinimumVisualStudioVersion = 10.0.40219.1
Project("{FAE04EC0-301F-11D3-BF4B-00C04F79EFBC}") = "ConsoleApp3.28", "ConsoleApp3.28\ConsoleApp3.28.csproj", "{B9F9120E-38EF-4B8B-AD9B-C89CF7FFBA0D}"
EndProject
Global
	GlobalSection(SolutionConfigurationPlatforms) = preSolution
		Debug|Any CPU = Debug|Any CPU
		Release|Any CPU = Release|Any CPU
	EndGlobalSection
	GlobalSection(ProjectConfigurationPlatforms) = postSolution
		{B9F9120E-38EF-4B8B-AD9B-C89CF7FFBA0D}.Debug|Any CPU.ActiveCfg = Debug|Any CPU
		{B9F9120E-38EF-4B8B-AD9B-C89CF7FFBA0D}.Debug|Any CPU.Build.0 = Debug|Any CPU
		{B9F9120E-38EF-4B8B-AD9B-C89CF7FFBA0D}.Release|Any CPU.ActiveCfg = Release|Any CPU
		{B9F9120E-38EF-4B8B-AD9B-C89CF7FFBA0D}.Release|Any CPU.Build.0 = Release|Any CPU
	EndGlobalSection
	GlobalSection(SolutionProperties) = preSolution
		HideSolutionNode = FALSE
	EndGlobalSection
EndGlobal
